
Microsoft Visual Studio Solution File, Format Version 12.00
# Visual Studio 2013
VisualStudioVersion = 12.0.21005.1
MinimumVisualStudioVersion = 10.0.40219.1
Project("{FAE04EC0-301F-11D3-BF4B-00C04F79EFBC}") = "DebtBuster", "DebtBuster\DebtBuster.csproj", "{0414B3D4-D561-4259-A4F3-7C988F82000E}"
EndProject
Project("{FAE04EC0-301F-11D3-BF4B-00C04F79EFBC}") = "DebtBuster.Core", "DebtBuster2.Core\DebtBuster.Core.csproj", "{8869974B-8D86-4449-B125-3E21B0A488B2}"
EndProject
Global
	GlobalSection(SolutionConfigurationPlatforms) = preSolution
		Debug|Any CPU = Debug|Any CPU
		Debug|ARM = Debug|ARM
		Debug|x86 = Debug|x86
		Release|Any CPU = Release|Any CPU
		Release|ARM = Release|ARM
		Release|x86 = Release|x86
	EndGlobalSection
	GlobalSection(ProjectConfigurationPlatforms) = postSolution
		{0414B3D4-D561-4259-A4F3-7C988F82000E}.Debug|Any CPU.ActiveCfg = Debug|Any CPU
		{0414B3D4-D561-4259-A4F3-7C988F82000E}.Debug|Any CPU.Build.0 = Debug|Any CPU
		{0414B3D4-D561-4259-A4F3-7C988F82000E}.Debug|Any CPU.Deploy.0 = Debug|Any CPU
		{0414B3D4-D561-4259-A4F3-7C988F82000E}.Debug|ARM.ActiveCfg = Debug|ARM
		{0414B3D4-D561-4259-A4F3-7C988F82000E}.Debug|ARM.Build.0 = Debug|ARM
		{0414B3D4-D561-4259-A4F3-7C988F82000E}.Debug|ARM.Deploy.0 = Debug|ARM
		{0414B3D4-D561-4259-A4F3-7C988F82000E}.Debug|x86.ActiveCfg = Debug|x86
		{0414B3D4-D561-4259-A4F3-7C988F82000E}.Debug|x86.Build.0 = Debug|x86
		{0414B3D4-D561-4259-A4F3-7C988F82000E}.Debug|x86.Deploy.0 = Debug|x86
		{0414B3D4-D561-4259-A4F3-7C988F82000E}.Release|Any CPU.ActiveCfg = Release|Any CPU
		{0414B3D4-D561-4259-A4F3-7C988F82000E}.Release|Any CPU.Build.0 = Release|Any CPU
		{0414B3D4-D561-4259-A4F3-7C988F82000E}.Release|Any CPU.Deploy.0 = Release|Any CPU
		{0414B3D4-D561-4259-A4F3-7C988F82000E}.Release|ARM.ActiveCfg = Release|ARM
		{0414B3D4-D561-4259-A4F3-7C988F82000E}.Release|ARM.Build.0 = Release|ARM
		{0414B3D4-D561-4259-A4F3-7C988F82000E}.Release|ARM.Deploy.0 = Release|ARM
		{0414B3D4-D561-4259-A4F3-7C988F82000E}.Release|x86.ActiveCfg = Release|x86
		{0414B3D4-D561-4259-A4F3-7C988F82000E}.Release|x86.Build.0 = Release|x86
		{0414B3D4-D561-4259-A4F3-7C988F82000E}.Release|x86.Deploy.0 = Release|x86
		{8869974B-8D86-4449-B125-3E21B0A488B2}.Debug|Any CPU.ActiveCfg = Debug|Any CPU
		{8869974B-8D86-4449-B125-3E21B0A488B2}.Debug|Any CPU.Build.0 = Debug|Any CPU
		{8869974B-8D86-4449-B125-3E21B0A488B2}.Debug|ARM.ActiveCfg = Debug|ARM
		{8869974B-8D86-4449-B125-3E21B0A488B2}.Debug|ARM.Build.0 = Debug|ARM
		{8869974B-8D86-4449-B125-3E21B0A488B2}.Debug|x86.ActiveCfg = Debug|x86
		{8869974B-8D86-4449-B125-3E21B0A488B2}.Debug|x86.Build.0 = Debug|x86
		{8869974B-8D86-4449-B125-3E21B0A488B2}.Release|Any CPU.ActiveCfg = Release|Any CPU
		{8869974B-8D86-4449-B125-3E21B0A488B2}.Release|Any CPU.Build.0 = Release|Any CPU
		{8869974B-8D86-4449-B125-3E21B0A488B2}.Release|ARM.ActiveCfg = Release|ARM
		{8869974B-8D86-4449-B125-3E21B0A488B2}.Release|ARM.Build.0 = Release|ARM
		{8869974B-8D86-4449-B125-3E21B0A488B2}.Release|x86.ActiveCfg = Release|x86
		{8869974B-8D86-4449-B125-3E21B0A488B2}.Release|x86.Build.0 = Release|x86
	EndGlobalSection
	GlobalSection(SolutionProperties) = preSolution
		HideSolutionNode = FALSE
	EndGlobalSection
EndGlobal
